
Microsoft Visual Studio Solution File, Format Version 12.00
# Visual Studio Version 17
VisualStudioVersion = 17.3.32929.385
MinimumVisualStudioVersion = 10.0.40219.1
Project("{FAE04EC0-301F-11D3-BF4B-00C04F79EFBC}") = "Cola", "Cola\Cola.csproj", "{374791EF-5509-4F66-A2E0-B74474763665}"
EndProject
Global
	GlobalSection(SolutionConfigurationPlatforms) = preSolution
		Debug|Any CPU = Debug|Any CPU
		Release|Any CPU = Release|Any CPU
	EndGlobalSection
	GlobalSection(ProjectConfigurationPlatforms) = postSolution
		{374791EF-5509-4F66-A2E0-B74474763665}.Debug|Any CPU.ActiveCfg = Debug|Any CPU
		{374791EF-5509-4F66-A2E0-B74474763665}.Debug|Any CPU.Build.0 = Debug|Any CPU
		{374791EF-5509-4F66-A2E0-B74474763665}.Release|Any CPU.ActiveCfg = Release|Any CPU
		{374791EF-5509-4F66-A2E0-B74474763665}.Release|Any CPU.Build.0 = Release|Any CPU
	EndGlobalSection
	GlobalSection(SolutionProperties) = preSolution
		HideSolutionNode = FALSE
	EndGlobalSection
	GlobalSection(ExtensibilityGlobals) = postSolution
		SolutionGuid = {54BC93BC-4DAA-4B82-B00B-3D8CB6ECE276}
	EndGlobalSection
EndGlobal
